
Microsoft Visual Studio Solution File, Format Version 12.00
# Visual Studio Version 17
VisualStudioVersion = 17.4.33122.133
MinimumVisualStudioVersion = 10.0.40219.1
Project("{FAE04EC0-301F-11D3-BF4B-00C04F79EFBC}") = "NiceShoesWeb", "NiceShoesWeb\NiceShoesWeb.csproj", "{94FF501E-D22A-4B81-A0EA-03DE9E5632B8}"
EndProject
Global
	GlobalSection(SolutionConfigurationPlatforms) = preSolution
		Debug|Any CPU = Debug|Any CPU
		Release|Any CPU = Release|Any CPU
	EndGlobalSection
	GlobalSection(ProjectConfigurationPlatforms) = postSolution
		{94FF501E-D22A-4B81-A0EA-03DE9E5632B8}.Debug|Any CPU.ActiveCfg = Debug|Any CPU
		{94FF501E-D22A-4B81-A0EA-03DE9E5632B8}.Debug|Any CPU.Build.0 = Debug|Any CPU
		{94FF501E-D22A-4B81-A0EA-03DE9E5632B8}.Release|Any CPU.ActiveCfg = Release|Any CPU
		{94FF501E-D22A-4B81-A0EA-03DE9E5632B8}.Release|Any CPU.Build.0 = Release|Any CPU
	EndGlobalSection
	GlobalSection(SolutionProperties) = preSolution
		HideSolutionNode = FALSE
	EndGlobalSection
	GlobalSection(ExtensibilityGlobals) = postSolution
		SolutionGuid = {EB2086B4-EF20-4694-9961-940E1CD4D313}
	EndGlobalSection
EndGlobal
